<?xml version="1.0" encoding="utf-8"?>
<Project ToolsVersion="4.0" xmlns="http://schemas.microsoft.com/developer/msbuild/2003">
  <ItemGroup>
    <Filter Include="Resource Files">
      <UniqueIdentifier>{67DA6AB6-F800-4c08-8B7A-83BB121AAD01}</UniqueIdentifier>
      <Extensions>rc;ico;cur;bmp;dlg;rc2;rct;bin;rgs;gif;jpg;jpeg;jpe;resx;tiff;tif;png;wav;mfcribbon-ms</Extensions>
    </Filter>
    <Filter Include="Base">
      <UniqueIdentifier>{e9824dbe-c12c-4cbc-b282-50a557ace253}</UniqueIdentifier>
    </Filter>
    <Filter Include="Components">
      <UniqueIdentifier>{ff76087f-951f-463e-ac9c-aaedc07aed45}</UniqueIdentifier>
    </Filter>
    <Filter Include="Graphics">
      <UniqueIdentifier>{ba323a64-9f77-47df-97da-02c727426bdd}</UniqueIdentifier>
    </Filter>
    <Filter Include="Scenegraph">
      <UniqueIdentifier>{edd015fc-be58-4d15-b3f1-547399c89e17}</UniqueIdentifier>
    </Filter>
    <Filter Include="Managers">
      <UniqueIdentifier>{39de4045-5d6f-42d5-b0fd-c9c79ac7e165}</UniqueIdentifier>
    </Filter>
    <Filter Include="Helpers">
      <UniqueIdentifier>{4ddb293e-cbd6-44a9-9b6a-7af38ed097ed}</UniqueIdentifier>
    </Filter>
    <Filter Include="Audio">
      <UniqueIdentifier>{55e604ed-61d9-4629-8ad8-2d61e2b6e8f1}</UniqueIdentifier>
    </Filter>
    <Filter Include="Physics">
      <UniqueIdentifier>{1d821b6d-d037-4f6c-9e19-74008e6b33fe}</UniqueIdentifier>
    </Filter>
    <Filter Include="Math">
      <UniqueIdentifier>{77f75283-ffbc-4873-9019-f21508ccfee6}</UniqueIdentifier>
    </Filter>
  </ItemGroup>
  <ItemGroup>
    <ClInclude Include="Source\Utilities.h">
      <Filter>Base</Filter>
    </ClInclude>
    <ClInclude Include="Source\Transform.h">
      <Filter>Components</Filter>
    </ClInclude>
    <ClInclude Include="Source\TransformComponent.h">
      <Filter>Components</Filter>
    </ClInclude>
    <ClInclude Include="Source\Texture2D.h">
      <Filter>Graphics</Filter>
    </ClInclude>
    <ClInclude Include="Source\TextComponent.h">
      <Filter>Components</Filter>
    </ClInclude>
    <ClInclude Include="Source\SpriteComponent.h">
      <Filter>Components</Filter>
    </ClInclude>
    <ClInclude Include="Source\Minigin.h">
      <Filter>Base</Filter>
    </ClInclude>
    <ClInclude Include="Source\MiniginPCH.h">
      <Filter>Base</Filter>
    </ClInclude>
    <ClInclude Include="Source\Renderer.h">
      <Filter>Graphics</Filter>
    </ClInclude>
    <ClInclude Include="Source\ResourceManager.h">
      <Filter>Managers</Filter>
    </ClInclude>
    <ClInclude Include="Source\Scene.h">
      <Filter>Scenegraph</Filter>
    </ClInclude>
    <ClInclude Include="Source\SceneManager.h">
      <Filter>Scenegraph</Filter>
    </ClInclude>
    <ClInclude Include="Source\SceneObject.h">
      <Filter>Scenegraph</Filter>
    </ClInclude>
    <ClInclude Include="Source\Singleton.h">
      <Filter>Base</Filter>
    </ClInclude>
    <ClInclude Include="Source\MainStructs.h">
      <Filter>Helpers</Filter>
    </ClInclude>
    <ClInclude Include="Source\BaseComponent.h">
      <Filter>Components</Filter>
    </ClInclude>
    <ClInclude Include="Source\Devlog.h">
      <Filter>Helpers</Filter>
    </ClInclude>
    <ClInclude Include="Source\Font.h">
      <Filter>Base</Filter>
    </ClInclude>
    <ClInclude Include="Source\GameObject.h">
      <Filter>Components</Filter>
    </ClInclude>
    <ClInclude Include="Source\GameTime.h">
      <Filter>Base</Filter>
    </ClInclude>
    <ClInclude Include="Source\InputManager.h">
      <Filter>Managers</Filter>
    </ClInclude>
    <ClInclude Include="Source\AudioManager.h">
      <Filter>Managers</Filter>
    </ClInclude>
    <ClInclude Include="Source\SoundStream.h">
      <Filter>Audio</Filter>
    </ClInclude>
    <ClInclude Include="Source\SoundEffect.h">
      <Filter>Audio</Filter>
    </ClInclude>
    <ClInclude Include="Source\Command.h">
      <Filter>Base</Filter>
    </ClInclude>
    <ClInclude Include="Source\State.h">
      <Filter>Base</Filter>
    </ClInclude>
    <ClInclude Include="Source\StateMachine.h">
      <Filter>Base</Filter>
    </ClInclude>
    <ClInclude Include="Source\WorldPhysics.h">
      <Filter>Physics</Filter>
    </ClInclude>
    <ClInclude Include="Source\FPSComponent.h">
      <Filter>Components</Filter>
    </ClInclude>
    <ClInclude Include="Source\RigidBodyComponent.h">
      <Filter>Components</Filter>
    </ClInclude>
    <ClInclude Include="Source\BoxColliderComponent.h">
      <Filter>Components</Filter>
    </ClInclude>
    <ClInclude Include="Source\HealthComponent.h">
      <Filter>Components</Filter>
    </ClInclude>
    <ClInclude Include="Source\EnemyComponent.h">
      <Filter>Components</Filter>
    </ClInclude>
    <ClInclude Include="Source\GridComponent.h">
      <Filter>Components</Filter>
    </ClInclude>
    <ClInclude Include="Source\PlayerComponent.h">
      <Filter>Components</Filter>
    </ClInclude>
    <ClInclude Include="Source\UIComponent.h">
      <Filter>Components</Filter>
    </ClInclude>
    <ClInclude Include="Source\PickupComponent.h">
      <Filter>Components</Filter>
    </ClInclude>
    <ClInclude Include="Source\Colors.h">
      <Filter>Helpers</Filter>
    </ClInclude>
  </ItemGroup>
  <ItemGroup>
    <ClCompile Include="Source\Transform.cpp">
      <Filter>Components</Filter>
    </ClCompile>
    <ClCompile Include="Source\TransformComponent.cpp">
      <Filter>Components</Filter>
    </ClCompile>
    <ClCompile Include="Source\TextComponent.cpp">
      <Filter>Components</Filter>
    </ClCompile>
    <ClCompile Include="Source\Texture2D.cpp">
      <Filter>Graphics</Filter>
    </ClCompile>
    <ClCompile Include="Source\Minigin.cpp">
      <Filter>Base</Filter>
    </ClCompile>
    <ClCompile Include="Source\MiniginPCH.cpp">
      <Filter>Base</Filter>
    </ClCompile>
    <ClCompile Include="Source\Renderer.cpp">
      <Filter>Graphics</Filter>
    </ClCompile>
    <ClCompile Include="Source\ResourceManager.cpp">
      <Filter>Managers</Filter>
    </ClCompile>
    <ClCompile Include="Source\Scene.cpp">
      <Filter>Scenegraph</Filter>
    </ClCompile>
    <ClCompile Include="Source\SceneManager.cpp">
      <Filter>Scenegraph</Filter>
    </ClCompile>
    <ClCompile Include="Source\SpriteComponent.cpp">
      <Filter>Components</Filter>
    </ClCompile>
    <ClCompile Include="Source\BaseComponent.cpp">
      <Filter>Components</Filter>
    </ClCompile>
    <ClCompile Include="Source\Devlog.cpp">
      <Filter>Helpers</Filter>
    </ClCompile>
    <ClCompile Include="Source\Font.cpp">
      <Filter>Base</Filter>
    </ClCompile>
    <ClCompile Include="Source\GameObject.cpp">
      <Filter>Components</Filter>
    </ClCompile>
    <ClCompile Include="Source\GameTime.cpp">
      <Filter>Base</Filter>
    </ClCompile>
    <ClCompile Include="Source\InputManager.cpp">
      <Filter>Managers</Filter>
    </ClCompile>
    <ClCompile Include="Source\AudioManager.cpp">
      <Filter>Managers</Filter>
    </ClCompile>
    <ClCompile Include="Source\SoundEffect.cpp">
      <Filter>Audio</Filter>
    </ClCompile>
    <ClCompile Include="Source\SoundStream.cpp">
      <Filter>Audio</Filter>
    </ClCompile>
    <ClCompile Include="Source\State.cpp">
      <Filter>Base</Filter>
    </ClCompile>
    <ClCompile Include="Source\StateMachine.cpp">
      <Filter>Base</Filter>
    </ClCompile>
    <ClCompile Include="Source\WorldPhysics.cpp">
      <Filter>Physics</Filter>
    </ClCompile>
    <ClCompile Include="Source\FPSComponent.cpp">
      <Filter>Components</Filter>
    </ClCompile>
    <ClCompile Include="Source\BoxColliderComponent.cpp">
      <Filter>Components</Filter>
    </ClCompile>
    <ClCompile Include="Source\RigidBodyComponent.cpp">
      <Filter>Components</Filter>
    </ClCompile>
    <ClCompile Include="Source\HealthComponent.cpp">
      <Filter>Components</Filter>
    </ClCompile>
    <ClCompile Include="Source\EnemyComponent.cpp">
      <Filter>Components</Filter>
    </ClCompile>
    <ClCompile Include="Source\GridComponent.cpp">
      <Filter>Components</Filter>
    </ClCompile>
    <ClCompile Include="Source\PlayerComponent.cpp">
      <Filter>Components</Filter>
    </ClCompile>
    <ClCompile Include="Source\PickupComponent.cpp">
      <Filter>Components</Filter>
    </ClCompile>
    <ClCompile Include="Source\UIComponent.cpp">
      <Filter>Components</Filter>
    </ClCompile>
  </ItemGroup>
</Project>